
Microsoft Visual Studio Solution File, Format Version 12.00
# Visual Studio Version 17
VisualStudioVersion = 17.9.34728.123
MinimumVisualStudioVersion = 10.0.40219.1
Project("{FAE04EC0-301F-11D3-BF4B-00C04F79EFBC}") = "Week15", "Week15\Week15.csproj", "{704A6639-E79E-462E-B0F3-8CB0F2665723}"
EndProject
Global
	GlobalSection(SolutionConfigurationPlatforms) = preSolution
		Debug|Any CPU = Debug|Any CPU
		Release|Any CPU = Release|Any CPU
	EndGlobalSection
	GlobalSection(ProjectConfigurationPlatforms) = postSolution
		{704A6639-E79E-462E-B0F3-8CB0F2665723}.Debug|Any CPU.ActiveCfg = Debug|Any CPU
		{704A6639-E79E-462E-B0F3-8CB0F2665723}.Debug|Any CPU.Build.0 = Debug|Any CPU
		{704A6639-E79E-462E-B0F3-8CB0F2665723}.Release|Any CPU.ActiveCfg = Release|Any CPU
		{704A6639-E79E-462E-B0F3-8CB0F2665723}.Release|Any CPU.Build.0 = Release|Any CPU
	EndGlobalSection
	GlobalSection(SolutionProperties) = preSolution
		HideSolutionNode = FALSE
	EndGlobalSection
	GlobalSection(ExtensibilityGlobals) = postSolution
		SolutionGuid = {CE6FDAFC-BE49-4488-9249-78067D0CBB06}
	EndGlobalSection
EndGlobal
